// !$*UTF8*$!
{
	archiveVersion = 1;
	classes = {
	};
	objectVersion = 55;
	objects = {

/* Begin PBXBuildFile section */
		4E1A43172901AEC0003D5800 /* GitHubSampleAppApp.swift in Sources */ = {isa = PBXBuildFile; fileRef = 4E1A43162901AEC0003D5800 /* GitHubSampleAppApp.swift */; };
		4E1A43192901AEC0003D5800 /* ContentView.swift in Sources */ = {isa = PBXBuildFile; fileRef = 4E1A43182901AEC0003D5800 /* ContentView.swift */; };
		4E1A431B2901AEC2003D5800 /* Assets.xcassets in Resources */ = {isa = PBXBuildFile; fileRef = 4E1A431A2901AEC2003D5800 /* Assets.xcassets */; };
		4E1A431E2901AEC2003D5800 /* Preview Assets.xcassets in Resources */ = {isa = PBXBuildFile; fileRef = 4E1A431D2901AEC2003D5800 /* Preview Assets.xcassets */; };
		4E1A43282901AEC2003D5800 /* GitHubSampleAppTests.swift in Sources */ = {isa = PBXBuildFile; fileRef = 4E1A43272901AEC2003D5800 /* GitHubSampleAppTests.swift */; };
		4E1A43322901AEC2003D5800 /* GitHubSampleAppUITests.swift in Sources */ = {isa = PBXBuildFile; fileRef = 4E1A43312901AEC2003D5800 /* GitHubSampleAppUITests.swift */; };
		4E1A43342901AEC2003D5800 /* GitHubSampleAppUITestsLaunchTests.swift in Sources */ = {isa = PBXBuildFile; fileRef = 4E1A43332901AEC2003D5800 /* GitHubSampleAppUITestsLaunchTests.swift */; };
		4E1A43462901B003003D5800 /* API.swift in Sources */ = {isa = PBXBuildFile; fileRef = 4E1A43452901B003003D5800 /* API.swift */; };
		4E1A43492901B1CB003D5800 /* Alamofire in Frameworks */ = {isa = PBXBuildFile; productRef = 4E1A43482901B1CB003D5800 /* Alamofire */; };
		4E1A434B2903A88B003D5800 /* UserModel.swift in Sources */ = {isa = PBXBuildFile; fileRef = 4E1A434A2903A88B003D5800 /* UserModel.swift */; };
		4E1A434D2903A89A003D5800 /* RepositoryModel.swift in Sources */ = {isa = PBXBuildFile; fileRef = 4E1A434C2903A89A003D5800 /* RepositoryModel.swift */; };
		4E1A43512903C0D7003D5800 /* IUserRepository.swift in Sources */ = {isa = PBXBuildFile; fileRef = 4E1A43502903C0D7003D5800 /* IUserRepository.swift */; };
		4E1A43532903C0E6003D5800 /* UserRepositoryImpl.swift in Sources */ = {isa = PBXBuildFile; fileRef = 4E1A43522903C0E6003D5800 /* UserRepositoryImpl.swift */; };
		4E1A43552903C0F9003D5800 /* IRepositoryRepository.swift in Sources */ = {isa = PBXBuildFile; fileRef = 4E1A43542903C0F9003D5800 /* IRepositoryRepository.swift */; };
		4E1A43572903C107003D5800 /* RepositoryRepositoryImpl.swift in Sources */ = {isa = PBXBuildFile; fileRef = 4E1A43562903C107003D5800 /* RepositoryRepositoryImpl.swift */; };
		4E1A43592903CA57003D5800 /* UsersListView.swift in Sources */ = {isa = PBXBuildFile; fileRef = 4E1A43582903CA57003D5800 /* UsersListView.swift */; };
		4E1A435B2903CA64003D5800 /* UsersListViewModel.swift in Sources */ = {isa = PBXBuildFile; fileRef = 4E1A435A2903CA64003D5800 /* UsersListViewModel.swift */; };
		4E1A435D2903CA98003D5800 /* UserRepositoriesView.swift in Sources */ = {isa = PBXBuildFile; fileRef = 4E1A435C2903CA98003D5800 /* UserRepositoriesView.swift */; };
		4E1A435F2903CAA8003D5800 /* UserRepositoriesViewModel.swift in Sources */ = {isa = PBXBuildFile; fileRef = 4E1A435E2903CAA8003D5800 /* UserRepositoriesViewModel.swift */; };
		4E1A43612903CAD4003D5800 /* ViewModelObject.swift in Sources */ = {isa = PBXBuildFile; fileRef = 4E1A43602903CAD4003D5800 /* ViewModelObject.swift */; };
/* End PBXBuildFile section */

/* Begin PBXContainerItemProxy section */
		4E1A43242901AEC2003D5800 /* PBXContainerItemProxy */ = {
			isa = PBXContainerItemProxy;
			containerPortal = 4E1A430B2901AEC0003D5800 /* Project object */;
			proxyType = 1;
			remoteGlobalIDString = 4E1A43122901AEC0003D5800;
			remoteInfo = GitHubSampleApp;
		};
		4E1A432E2901AEC2003D5800 /* PBXContainerItemProxy */ = {
			isa = PBXContainerItemProxy;
			containerPortal = 4E1A430B2901AEC0003D5800 /* Project object */;
			proxyType = 1;
			remoteGlobalIDString = 4E1A43122901AEC0003D5800;
			remoteInfo = GitHubSampleApp;
		};
/* End PBXContainerItemProxy section */

/* Begin PBXFileReference section */
		4E1A43132901AEC0003D5800 /* GitHubSampleApp.app */ = {isa = PBXFileReference; explicitFileType = wrapper.application; includeInIndex = 0; path = GitHubSampleApp.app; sourceTree = BUILT_PRODUCTS_DIR; };
		4E1A43162901AEC0003D5800 /* GitHubSampleAppApp.swift */ = {isa = PBXFileReference; lastKnownFileType = sourcecode.swift; path = GitHubSampleAppApp.swift; sourceTree = "<group>"; };
		4E1A43182901AEC0003D5800 /* ContentView.swift */ = {isa = PBXFileReference; lastKnownFileType = sourcecode.swift; path = ContentView.swift; sourceTree = "<group>"; };
		4E1A431A2901AEC2003D5800 /* Assets.xcassets */ = {isa = PBXFileReference; lastKnownFileType = folder.assetcatalog; path = Assets.xcassets; sourceTree = "<group>"; };
		4E1A431D2901AEC2003D5800 /* Preview Assets.xcassets */ = {isa = PBXFileReference; lastKnownFileType = folder.assetcatalog; path = "Preview Assets.xcassets"; sourceTree = "<group>"; };
		4E1A43232901AEC2003D5800 /* GitHubSampleAppTests.xctest */ = {isa = PBXFileReference; explicitFileType = wrapper.cfbundle; includeInIndex = 0; path = GitHubSampleAppTests.xctest; sourceTree = BUILT_PRODUCTS_DIR; };
		4E1A43272901AEC2003D5800 /* GitHubSampleAppTests.swift */ = {isa = PBXFileReference; lastKnownFileType = sourcecode.swift; path = GitHubSampleAppTests.swift; sourceTree = "<group>"; };
		4E1A432D2901AEC2003D5800 /* GitHubSampleAppUITests.xctest */ = {isa = PBXFileReference; explicitFileType = wrapper.cfbundle; includeInIndex = 0; path = GitHubSampleAppUITests.xctest; sourceTree = BUILT_PRODUCTS_DIR; };
		4E1A43312901AEC2003D5800 /* GitHubSampleAppUITests.swift */ = {isa = PBXFileReference; lastKnownFileType = sourcecode.swift; path = GitHubSampleAppUITests.swift; sourceTree = "<group>"; };
		4E1A43332901AEC2003D5800 /* GitHubSampleAppUITestsLaunchTests.swift */ = {isa = PBXFileReference; lastKnownFileType = sourcecode.swift; path = GitHubSampleAppUITestsLaunchTests.swift; sourceTree = "<group>"; };
		4E1A43452901B003003D5800 /* API.swift */ = {isa = PBXFileReference; lastKnownFileType = sourcecode.swift; path = API.swift; sourceTree = "<group>"; };
		4E1A434A2903A88B003D5800 /* UserModel.swift */ = {isa = PBXFileReference; lastKnownFileType = sourcecode.swift; path = UserModel.swift; sourceTree = "<group>"; };
		4E1A434C2903A89A003D5800 /* RepositoryModel.swift */ = {isa = PBXFileReference; lastKnownFileType = sourcecode.swift; path = RepositoryModel.swift; sourceTree = "<group>"; };
		4E1A43502903C0D7003D5800 /* IUserRepository.swift */ = {isa = PBXFileReference; lastKnownFileType = sourcecode.swift; path = IUserRepository.swift; sourceTree = "<group>"; };
		4E1A43522903C0E6003D5800 /* UserRepositoryImpl.swift */ = {isa = PBXFileReference; lastKnownFileType = sourcecode.swift; path = UserRepositoryImpl.swift; sourceTree = "<group>"; };
		4E1A43542903C0F9003D5800 /* IRepositoryRepository.swift */ = {isa = PBXFileReference; lastKnownFileType = sourcecode.swift; path = IRepositoryRepository.swift; sourceTree = "<group>"; };
		4E1A43562903C107003D5800 /* RepositoryRepositoryImpl.swift */ = {isa = PBXFileReference; lastKnownFileType = sourcecode.swift; path = RepositoryRepositoryImpl.swift; sourceTree = "<group>"; };
		4E1A43582903CA57003D5800 /* UsersListView.swift */ = {isa = PBXFileReference; lastKnownFileType = sourcecode.swift; path = UsersListView.swift; sourceTree = "<group>"; };
		4E1A435A2903CA64003D5800 /* UsersListViewModel.swift */ = {isa = PBXFileReference; lastKnownFileType = sourcecode.swift; path = UsersListViewModel.swift; sourceTree = "<group>"; };
		4E1A435C2903CA98003D5800 /* UserRepositoriesView.swift */ = {isa = PBXFileReference; lastKnownFileType = sourcecode.swift; path = UserRepositoriesView.swift; sourceTree = "<group>"; };
		4E1A435E2903CAA8003D5800 /* UserRepositoriesViewModel.swift */ = {isa = PBXFileReference; lastKnownFileType = sourcecode.swift; path = UserRepositoriesViewModel.swift; sourceTree = "<group>"; };
		4E1A43602903CAD4003D5800 /* ViewModelObject.swift */ = {isa = PBXFileReference; lastKnownFileType = sourcecode.swift; path = ViewModelObject.swift; sourceTree = "<group>"; };
/* End PBXFileReference section */

/* Begin PBXFrameworksBuildPhase section */
		4E1A43102901AEC0003D5800 /* Frameworks */ = {
			isa = PBXFrameworksBuildPhase;
			buildActionMask = 2147483647;
			files = (
				4E1A43492901B1CB003D5800 /* Alamofire in Frameworks */,
			);
			runOnlyForDeploymentPostprocessing = 0;
		};
		4E1A43202901AEC2003D5800 /* Frameworks */ = {
			isa = PBXFrameworksBuildPhase;
			buildActionMask = 2147483647;
			files = (
			);
			runOnlyForDeploymentPostprocessing = 0;
		};
		4E1A432A2901AEC2003D5800 /* Frameworks */ = {
			isa = PBXFrameworksBuildPhase;
			buildActionMask = 2147483647;
			files = (
			);
			runOnlyForDeploymentPostprocessing = 0;
		};
/* End PBXFrameworksBuildPhase section */

/* Begin PBXGroup section */
		4E1A430A2901AEC0003D5800 = {
			isa = PBXGroup;
			children = (
				4E1A43152901AEC0003D5800 /* GitHubSampleApp */,
				4E1A43262901AEC2003D5800 /* GitHubSampleAppTests */,
				4E1A43302901AEC2003D5800 /* GitHubSampleAppUITests */,
				4E1A43142901AEC0003D5800 /* Products */,
			);
			sourceTree = "<group>";
		};
		4E1A43142901AEC0003D5800 /* Products */ = {
			isa = PBXGroup;
			children = (
				4E1A43132901AEC0003D5800 /* GitHubSampleApp.app */,
				4E1A43232901AEC2003D5800 /* GitHubSampleAppTests.xctest */,
				4E1A432D2901AEC2003D5800 /* GitHubSampleAppUITests.xctest */,
			);
			name = Products;
			sourceTree = "<group>";
		};
		4E1A43152901AEC0003D5800 /* GitHubSampleApp */ = {
			isa = PBXGroup;
			children = (
				4E1A43402901AF4C003D5800 /* Infrastructure */,
				4E1A43422901AF90003D5800 /* Presentation */,
				4E1A43432901AFA3003D5800 /* Shared */,
				4E1A43162901AEC0003D5800 /* GitHubSampleAppApp.swift */,
				4E1A43182901AEC0003D5800 /* ContentView.swift */,
				4E1A431A2901AEC2003D5800 /* Assets.xcassets */,
				4E1A431C2901AEC2003D5800 /* Preview Content */,
			);
			path = GitHubSampleApp;
			sourceTree = "<group>";
		};
		4E1A431C2901AEC2003D5800 /* Preview Content */ = {
			isa = PBXGroup;
			children = (
				4E1A431D2901AEC2003D5800 /* Preview Assets.xcassets */,
			);
			path = "Preview Content";
			sourceTree = "<group>";
		};
		4E1A43262901AEC2003D5800 /* GitHubSampleAppTests */ = {
			isa = PBXGroup;
			children = (
				4E1A43272901AEC2003D5800 /* GitHubSampleAppTests.swift */,
			);
			path = GitHubSampleAppTests;
			sourceTree = "<group>";
		};
		4E1A43302901AEC2003D5800 /* GitHubSampleAppUITests */ = {
			isa = PBXGroup;
			children = (
				4E1A43312901AEC2003D5800 /* GitHubSampleAppUITests.swift */,
				4E1A43332901AEC2003D5800 /* GitHubSampleAppUITestsLaunchTests.swift */,
			);
			path = GitHubSampleAppUITests;
			sourceTree = "<group>";
		};
		4E1A43402901AF4C003D5800 /* Infrastructure */ = {
			isa = PBXGroup;
			children = (
				4E1A434E2903C08F003D5800 /* Repositories */,
				4E1A43412901AF79003D5800 /* API */,
				4E1A43452901B003003D5800 /* API.swift */,
			);
			path = Infrastructure;
			sourceTree = "<group>";
		};
		4E1A43412901AF79003D5800 /* API */ = {
			isa = PBXGroup;
			children = (
			);
			path = API;
			sourceTree = "<group>";
		};
		4E1A43422901AF90003D5800 /* Presentation */ = {
			isa = PBXGroup;
			children = (
				4E1A43582903CA57003D5800 /* UsersListView.swift */,
				4E1A435A2903CA64003D5800 /* UsersListViewModel.swift */,
				4E1A435C2903CA98003D5800 /* UserRepositoriesView.swift */,
				4E1A435E2903CAA8003D5800 /* UserRepositoriesViewModel.swift */,
				4E1A43602903CAD4003D5800 /* ViewModelObject.swift */,
			);
			path = Presentation;
			sourceTree = "<group>";
		};
		4E1A43432901AFA3003D5800 /* Shared */ = {
			isa = PBXGroup;
			children = (
				4E1A434F2903C0C1003D5800 /* Repositories */,
				4E1A43442901AFBF003D5800 /* Model */,
			);
			path = Shared;
			sourceTree = "<group>";
		};
		4E1A43442901AFBF003D5800 /* Model */ = {
			isa = PBXGroup;
			children = (
				4E1A434A2903A88B003D5800 /* UserModel.swift */,
				4E1A434C2903A89A003D5800 /* RepositoryModel.swift */,
			);
			path = Model;
			sourceTree = "<group>";
		};
		4E1A434E2903C08F003D5800 /* Repositories */ = {
			isa = PBXGroup;
			children = (
				4E1A43522903C0E6003D5800 /* UserRepositoryImpl.swift */,
				4E1A43562903C107003D5800 /* RepositoryRepositoryImpl.swift */,
			);
			path = Repositories;
			sourceTree = "<group>";
		};
		4E1A434F2903C0C1003D5800 /* Repositories */ = {
			isa = PBXGroup;
			children = (
				4E1A43502903C0D7003D5800 /* IUserRepository.swift */,
				4E1A43542903C0F9003D5800 /* IRepositoryRepository.swift */,
			);
			path = Repositories;
			sourceTree = "<group>";
		};
/* End PBXGroup section */

/* Begin PBXNativeTarget section */
		4E1A43122901AEC0003D5800 /* GitHubSampleApp */ = {
			isa = PBXNativeTarget;
			buildConfigurationList = 4E1A43372901AEC2003D5800 /* Build configuration list for PBXNativeTarget "GitHubSampleApp" */;
			buildPhases = (
				4E1A430F2901AEC0003D5800 /* Sources */,
				4E1A43102901AEC0003D5800 /* Frameworks */,
				4E1A43112901AEC0003D5800 /* Resources */,
			);
			buildRules = (
			);
			dependencies = (
			);
			name = GitHubSampleApp;
			packageProductDependencies = (
				4E1A43482901B1CB003D5800 /* Alamofire */,
			);
			productName = GitHubSampleApp;
			productReference = 4E1A43132901AEC0003D5800 /* GitHubSampleApp.app */;
			productType = "com.apple.product-type.application";
		};
		4E1A43222901AEC2003D5800 /* GitHubSampleAppTests */ = {
			isa = PBXNativeTarget;
			buildConfigurationList = 4E1A433A2901AEC2003D5800 /* Build configuration list for PBXNativeTarget "GitHubSampleAppTests" */;
			buildPhases = (
				4E1A431F2901AEC2003D5800 /* Sources */,
				4E1A43202901AEC2003D5800 /* Frameworks */,
				4E1A43212901AEC2003D5800 /* Resources */,
			);
			buildRules = (
			);
			dependencies = (
				4E1A43252901AEC2003D5800 /* PBXTargetDependency */,
			);
			name = GitHubSampleAppTests;
			productName = GitHubSampleAppTests;
			productReference = 4E1A43232901AEC2003D5800 /* GitHubSampleAppTests.xctest */;
			productType = "com.apple.product-type.bundle.unit-test";
		};
		4E1A432C2901AEC2003D5800 /* GitHubSampleAppUITests */ = {
			isa = PBXNativeTarget;
			buildConfigurationList = 4E1A433D2901AEC2003D5800 /* Build configuration list for PBXNativeTarget "GitHubSampleAppUITests" */;
			buildPhases = (
				4E1A43292901AEC2003D5800 /* Sources */,
				4E1A432A2901AEC2003D5800 /* Frameworks */,
				4E1A432B2901AEC2003D5800 /* Resources */,
			);
			buildRules = (
			);
			dependencies = (
				4E1A432F2901AEC2003D5800 /* PBXTargetDependency */,
			);
			name = GitHubSampleAppUITests;
			productName = GitHubSampleAppUITests;
			productReference = 4E1A432D2901AEC2003D5800 /* GitHubSampleAppUITests.xctest */;
			productType = "com.apple.product-type.bundle.ui-testing";
		};
/* End PBXNativeTarget section */

/* Begin PBXProject section */
		4E1A430B2901AEC0003D5800 /* Project object */ = {
			isa = PBXProject;
			attributes = {
				BuildIndependentTargetsInParallel = 1;
				LastSwiftUpdateCheck = 1340;
				LastUpgradeCheck = 1340;
				TargetAttributes = {
					4E1A43122901AEC0003D5800 = {
						CreatedOnToolsVersion = 13.4.1;
					};
					4E1A43222901AEC2003D5800 = {
						CreatedOnToolsVersion = 13.4.1;
						TestTargetID = 4E1A43122901AEC0003D5800;
					};
					4E1A432C2901AEC2003D5800 = {
						CreatedOnToolsVersion = 13.4.1;
						TestTargetID = 4E1A43122901AEC0003D5800;
					};
				};
			};
			buildConfigurationList = 4E1A430E2901AEC0003D5800 /* Build configuration list for PBXProject "GitHubSampleApp" */;
			compatibilityVersion = "Xcode 13.0";
			developmentRegion = en;
			hasScannedForEncodings = 0;
			knownRegions = (
				en,
				Base,
			);
			mainGroup = 4E1A430A2901AEC0003D5800;
			packageReferences = (
				4E1A43472901B1CB003D5800 /* XCRemoteSwiftPackageReference "Alamofire" */,
				4E1A43622903D0D1003D5800 /* XCRemoteSwiftPackageReference "url-image" */,
			);
			productRefGroup = 4E1A43142901AEC0003D5800 /* Products */;
			projectDirPath = "";
			projectRoot = "";
			targets = (
				4E1A43122901AEC0003D5800 /* GitHubSampleApp */,
				4E1A43222901AEC2003D5800 /* GitHubSampleAppTests */,
				4E1A432C2901AEC2003D5800 /* GitHubSampleAppUITests */,
			);
		};
/* End PBXProject section */

/* Begin PBXResourcesBuildPhase section */
		4E1A43112901AEC0003D5800 /* Resources */ = {
			isa = PBXResourcesBuildPhase;
			buildActionMask = 2147483647;
			files = (
				4E1A431E2901AEC2003D5800 /* Preview Assets.xcassets in Resources */,
				4E1A431B2901AEC2003D5800 /* Assets.xcassets in Resources */,
			);
			runOnlyForDeploymentPostprocessing = 0;
		};
		4E1A43212901AEC2003D5800 /* Resources */ = {
			isa = PBXResourcesBuildPhase;
			buildActionMask = 2147483647;
			files = (
			);
			runOnlyForDeploymentPostprocessing = 0;
		};
		4E1A432B2901AEC2003D5800 /* Resources */ = {
			isa = PBXResourcesBuildPhase;
			buildActionMask = 2147483647;
			files = (
			);
			runOnlyForDeploymentPostprocessing = 0;
		};
/* End PBXResourcesBuildPhase section */

/* Begin PBXSourcesBuildPhase section */
		4E1A430F2901AEC0003D5800 /* Sources */ = {
			isa = PBXSourcesBuildPhase;
			buildActionMask = 2147483647;
			files = (
				4E1A43512903C0D7003D5800 /* IUserRepository.swift in Sources */,
				4E1A43192901AEC0003D5800 /* ContentView.swift in Sources */,
				4E1A435F2903CAA8003D5800 /* UserRepositoriesViewModel.swift in Sources */,
				4E1A43532903C0E6003D5800 /* UserRepositoryImpl.swift in Sources */,
				4E1A434D2903A89A003D5800 /* RepositoryModel.swift in Sources */,
				4E1A43572903C107003D5800 /* RepositoryRepositoryImpl.swift in Sources */,
				4E1A43462901B003003D5800 /* API.swift in Sources */,
				4E1A43612903CAD4003D5800 /* ViewModelObject.swift in Sources */,
				4E1A434B2903A88B003D5800 /* UserModel.swift in Sources */,
				4E1A43592903CA57003D5800 /* UsersListView.swift in Sources */,
				4E1A435B2903CA64003D5800 /* UsersListViewModel.swift in Sources */,
				4E1A43172901AEC0003D5800 /* GitHubSampleAppApp.swift in Sources */,
				4E1A43552903C0F9003D5800 /* IRepositoryRepository.swift in Sources */,
				4E1A435D2903CA98003D5800 /* UserRepositoriesView.swift in Sources */,
			);
			runOnlyForDeploymentPostprocessing = 0;
		};
		4E1A431F2901AEC2003D5800 /* Sources */ = {
			isa = PBXSourcesBuildPhase;
			buildActionMask = 2147483647;
			files = (
				4E1A43282901AEC2003D5800 /* GitHubSampleAppTests.swift in Sources */,
			);
			runOnlyForDeploymentPostprocessing = 0;
		};
		4E1A43292901AEC2003D5800 /* Sources */ = {
			isa = PBXSourcesBuildPhase;
			buildActionMask = 2147483647;
			files = (
				4E1A43322901AEC2003D5800 /* GitHubSampleAppUITests.swift in Sources */,
				4E1A43342901AEC2003D5800 /* GitHubSampleAppUITestsLaunchTests.swift in Sources */,
			);
			runOnlyForDeploymentPostprocessing = 0;
		};
/* End PBXSourcesBuildPhase section */

/* Begin PBXTargetDependency section */
		4E1A43252901AEC2003D5800 /* PBXTargetDependency */ = {
			isa = PBXTargetDependency;
			target = 4E1A43122901AEC0003D5800 /* GitHubSampleApp */;
			targetProxy = 4E1A43242901AEC2003D5800 /* PBXContainerItemProxy */;
		};
		4E1A432F2901AEC2003D5800 /* PBXTargetDependency */ = {
			isa = PBXTargetDependency;
			target = 4E1A43122901AEC0003D5800 /* GitHubSampleApp */;
			targetProxy = 4E1A432E2901AEC2003D5800 /* PBXContainerItemProxy */;
		};
/* End PBXTargetDependency section */

/* Begin XCBuildConfiguration section */
		4E1A43352901AEC2003D5800 /* Debug */ = {
			isa = XCBuildConfiguration;
			buildSettings = {
				ALWAYS_SEARCH_USER_PATHS = NO;
				CLANG_ANALYZER_NONNULL = YES;
				CLANG_ANALYZER_NUMBER_OBJECT_CONVERSION = YES_AGGRESSIVE;
				CLANG_CXX_LANGUAGE_STANDARD = "gnu++17";
				CLANG_ENABLE_MODULES = YES;
				CLANG_ENABLE_OBJC_ARC = YES;
				CLANG_ENABLE_OBJC_WEAK = YES;
				CLANG_WARN_BLOCK_CAPTURE_AUTORELEASING = YES;
				CLANG_WARN_BOOL_CONVERSION = YES;
				CLANG_WARN_COMMA = YES;
				CLANG_WARN_CONSTANT_CONVERSION = YES;
				CLANG_WARN_DEPRECATED_OBJC_IMPLEMENTATIONS = YES;
				CLANG_WARN_DIRECT_OBJC_ISA_USAGE = YES_ERROR;
				CLANG_WARN_DOCUMENTATION_COMMENTS = YES;
				CLANG_WARN_EMPTY_BODY = YES;
				CLANG_WARN_ENUM_CONVERSION = YES;
				CLANG_WARN_INFINITE_RECURSION = YES;
				CLANG_WARN_INT_CONVERSION = YES;
				CLANG_WARN_NON_LITERAL_NULL_CONVERSION = YES;
				CLANG_WARN_OBJC_IMPLICIT_RETAIN_SELF = YES;
				CLANG_WARN_OBJC_LITERAL_CONVERSION = YES;
				CLANG_WARN_OBJC_ROOT_CLASS = YES_ERROR;
				CLANG_WARN_QUOTED_INCLUDE_IN_FRAMEWORK_HEADER = YES;
				CLANG_WARN_RANGE_LOOP_ANALYSIS = YES;
				CLANG_WARN_STRICT_PROTOTYPES = YES;
				CLANG_WARN_SUSPICIOUS_MOVE = YES;
				CLANG_WARN_UNGUARDED_AVAILABILITY = YES_AGGRESSIVE;
				CLANG_WARN_UNREACHABLE_CODE = YES;
				CLANG_WARN__DUPLICATE_METHOD_MATCH = YES;
				COPY_PHASE_STRIP = NO;
				DEBUG_INFORMATION_FORMAT = dwarf;
				ENABLE_STRICT_OBJC_MSGSEND = YES;
				ENABLE_TESTABILITY = YES;
				GCC_C_LANGUAGE_STANDARD = gnu11;
				GCC_DYNAMIC_NO_PIC = NO;
				GCC_NO_COMMON_BLOCKS = YES;
				GCC_OPTIMIZATION_LEVEL = 0;
				GCC_PREPROCESSOR_DEFINITIONS = (
					"DEBUG=1",
					"$(inherited)",
				);
				GCC_WARN_64_TO_32_BIT_CONVERSION = YES;
				GCC_WARN_ABOUT_RETURN_TYPE = YES_ERROR;
				GCC_WARN_UNDECLARED_SELECTOR = YES;
				GCC_WARN_UNINITIALIZED_AUTOS = YES_AGGRESSIVE;
				GCC_WARN_UNUSED_FUNCTION = YES;
				GCC_WARN_UNUSED_VARIABLE = YES;
				IPHONEOS_DEPLOYMENT_TARGET = 15.5;
				MTL_ENABLE_DEBUG_INFO = INCLUDE_SOURCE;
				MTL_FAST_MATH = YES;
				ONLY_ACTIVE_ARCH = YES;
				SDKROOT = iphoneos;
				SWIFT_ACTIVE_COMPILATION_CONDITIONS = DEBUG;
				SWIFT_OPTIMIZATION_LEVEL = "-Onone";
			};
			name = Debug;
		};
		4E1A43362901AEC2003D5800 /* Release */ = {
			isa = XCBuildConfiguration;
			buildSettings = {
				ALWAYS_SEARCH_USER_PATHS = NO;
				CLANG_ANALYZER_NONNULL = YES;
				CLANG_ANALYZER_NUMBER_OBJECT_CONVERSION = YES_AGGRESSIVE;
				CLANG_CXX_LANGUAGE_STANDARD = "gnu++17";
				CLANG_ENABLE_MODULES = YES;
				CLANG_ENABLE_OBJC_ARC = YES;
				CLANG_ENABLE_OBJC_WEAK = YES;
				CLANG_WARN_BLOCK_CAPTURE_AUTORELEASING = YES;
				CLANG_WARN_BOOL_CONVERSION = YES;
				CLANG_WARN_COMMA = YES;
				CLANG_WARN_CONSTANT_CONVERSION = YES;
				CLANG_WARN_DEPRECATED_OBJC_IMPLEMENTATIONS = YES;
				CLANG_WARN_DIRECT_OBJC_ISA_USAGE = YES_ERROR;
				CLANG_WARN_DOCUMENTATION_COMMENTS = YES;
				CLANG_WARN_EMPTY_BODY = YES;
				CLANG_WARN_ENUM_CONVERSION = YES;
				CLANG_WARN_INFINITE_RECURSION = YES;
				CLANG_WARN_INT_CONVERSION = YES;
				CLANG_WARN_NON_LITERAL_NULL_CONVERSION = YES;
				CLANG_WARN_OBJC_IMPLICIT_RETAIN_SELF = YES;
				CLANG_WARN_OBJC_LITERAL_CONVERSION = YES;
				CLANG_WARN_OBJC_ROOT_CLASS = YES_ERROR;
				CLANG_WARN_QUOTED_INCLUDE_IN_FRAMEWORK_HEADER = YES;
				CLANG_WARN_RANGE_LOOP_ANALYSIS = YES;
				CLANG_WARN_STRICT_PROTOTYPES = YES;
				CLANG_WARN_SUSPICIOUS_MOVE = YES;
				CLANG_WARN_UNGUARDED_AVAILABILITY = YES_AGGRESSIVE;
				CLANG_WARN_UNREACHABLE_CODE = YES;
				CLANG_WARN__DUPLICATE_METHOD_MATCH = YES;
				COPY_PHASE_STRIP = NO;
				DEBUG_INFORMATION_FORMAT = "dwarf-with-dsym";
				ENABLE_NS_ASSERTIONS = NO;
				ENABLE_STRICT_OBJC_MSGSEND = YES;
				GCC_C_LANGUAGE_STANDARD = gnu11;
				GCC_NO_COMMON_BLOCKS = YES;
				GCC_WARN_64_TO_32_BIT_CONVERSION = YES;
				GCC_WARN_ABOUT_RETURN_TYPE = YES_ERROR;
				GCC_WARN_UNDECLARED_SELECTOR = YES;
				GCC_WARN_UNINITIALIZED_AUTOS = YES_AGGRESSIVE;
				GCC_WARN_UNUSED_FUNCTION = YES;
				GCC_WARN_UNUSED_VARIABLE = YES;
				IPHONEOS_DEPLOYMENT_TARGET = 15.5;
				MTL_ENABLE_DEBUG_INFO = NO;
				MTL_FAST_MATH = YES;
				SDKROOT = iphoneos;
				SWIFT_COMPILATION_MODE = wholemodule;
				SWIFT_OPTIMIZATION_LEVEL = "-O";
				VALIDATE_PRODUCT = YES;
			};
			name = Release;
		};
		4E1A43382901AEC2003D5800 /* Debug */ = {
			isa = XCBuildConfiguration;
			buildSettings = {
				ASSETCATALOG_COMPILER_APPICON_NAME = AppIcon;
				ASSETCATALOG_COMPILER_GLOBAL_ACCENT_COLOR_NAME = AccentColor;
				CODE_SIGN_STYLE = Automatic;
				CURRENT_PROJECT_VERSION = 1;
				DEVELOPMENT_ASSET_PATHS = "\"GitHubSampleApp/Preview Content\"";
				DEVELOPMENT_TEAM = J7X3S7L275;
				ENABLE_PREVIEWS = YES;
				GENERATE_INFOPLIST_FILE = YES;
				INFOPLIST_KEY_UIApplicationSceneManifest_Generation = YES;
				INFOPLIST_KEY_UIApplicationSupportsIndirectInputEvents = YES;
				INFOPLIST_KEY_UILaunchScreen_Generation = YES;
				INFOPLIST_KEY_UISupportedInterfaceOrientations_iPad = "UIInterfaceOrientationPortrait UIInterfaceOrientationPortraitUpsideDown UIInterfaceOrientationLandscapeLeft UIInterfaceOrientationLandscapeRight";
				INFOPLIST_KEY_UISupportedInterfaceOrientations_iPhone = "UIInterfaceOrientationPortrait UIInterfaceOrientationLandscapeLeft UIInterfaceOrientationLandscapeRight";
				LD_RUNPATH_SEARCH_PATHS = (
					"$(inherited)",
					"@executable_path/Frameworks",
				);
				MARKETING_VERSION = 1.0;
				PRODUCT_BUNDLE_IDENTIFIER = com.YouheiShikano.GitHubSampleApp;
				PRODUCT_NAME = "$(TARGET_NAME)";
				SWIFT_EMIT_LOC_STRINGS = YES;
				SWIFT_VERSION = 5.0;
				TARGETED_DEVICE_FAMILY = "1,2";
			};
			name = Debug;
		};
		4E1A43392901AEC2003D5800 /* Release */ = {
			isa = XCBuildConfiguration;
			buildSettings = {
				ASSETCATALOG_COMPILER_APPICON_NAME = AppIcon;
				ASSETCATALOG_COMPILER_GLOBAL_ACCENT_COLOR_NAME = AccentColor;
				CODE_SIGN_STYLE = Automatic;
				CURRENT_PROJECT_VERSION = 1;
				DEVELOPMENT_ASSET_PATHS = "\"GitHubSampleApp/Preview Content\"";
				DEVELOPMENT_TEAM = J7X3S7L275;
				ENABLE_PREVIEWS = YES;
				GENERATE_INFOPLIST_FILE = YES;
				INFOPLIST_KEY_UIApplicationSceneManifest_Generation = YES;
				INFOPLIST_KEY_UIApplicationSupportsIndirectInputEvents = YES;
				INFOPLIST_KEY_UILaunchScreen_Generation = YES;
				INFOPLIST_KEY_UISupportedInterfaceOrientations_iPad = "UIInterfaceOrientationPortrait UIInterfaceOrientationPortraitUpsideDown UIInterfaceOrientationLandscapeLeft UIInterfaceOrientationLandscapeRight";
				INFOPLIST_KEY_UISupportedInterfaceOrientations_iPhone = "UIInterfaceOrientationPortrait UIInterfaceOrientationLandscapeLeft UIInterfaceOrientationLandscapeRight";
				LD_RUNPATH_SEARCH_PATHS = (
					"$(inherited)",
					"@executable_path/Frameworks",
				);
				MARKETING_VERSION = 1.0;
				PRODUCT_BUNDLE_IDENTIFIER = com.YouheiShikano.GitHubSampleApp;
				PRODUCT_NAME = "$(TARGET_NAME)";
				SWIFT_EMIT_LOC_STRINGS = YES;
				SWIFT_VERSION = 5.0;
				TARGETED_DEVICE_FAMILY = "1,2";
			};
			name = Release;
		};
		4E1A433B2901AEC2003D5800 /* Debug */ = {
			isa = XCBuildConfiguration;
			buildSettings = {
				ALWAYS_EMBED_SWIFT_STANDARD_LIBRARIES = YES;
				BUNDLE_LOADER = "$(TEST_HOST)";
				CODE_SIGN_STYLE = Automatic;
				CURRENT_PROJECT_VERSION = 1;
				DEVELOPMENT_TEAM = J7X3S7L275;
				GENERATE_INFOPLIST_FILE = YES;
				IPHONEOS_DEPLOYMENT_TARGET = 15.5;
				MARKETING_VERSION = 1.0;
				PRODUCT_BUNDLE_IDENTIFIER = com.YouheiShikano.GitHubSampleAppTests;
				PRODUCT_NAME = "$(TARGET_NAME)";
				SWIFT_EMIT_LOC_STRINGS = NO;
				SWIFT_VERSION = 5.0;
				TARGETED_DEVICE_FAMILY = "1,2";
				TEST_HOST = "$(BUILT_PRODUCTS_DIR)/GitHubSampleApp.app/GitHubSampleApp";
			};
			name = Debug;
		};
		4E1A433C2901AEC2003D5800 /* Release */ = {
			isa = XCBuildConfiguration;
			buildSettings = {
				ALWAYS_EMBED_SWIFT_STANDARD_LIBRARIES = YES;
				BUNDLE_LOADER = "$(TEST_HOST)";
				CODE_SIGN_STYLE = Automatic;
				CURRENT_PROJECT_VERSION = 1;
				DEVELOPMENT_TEAM = J7X3S7L275;
				GENERATE_INFOPLIST_FILE = YES;
				IPHONEOS_DEPLOYMENT_TARGET = 15.5;
				MARKETING_VERSION = 1.0;
				PRODUCT_BUNDLE_IDENTIFIER = com.YouheiShikano.GitHubSampleAppTests;
				PRODUCT_NAME = "$(TARGET_NAME)";
				SWIFT_EMIT_LOC_STRINGS = NO;
				SWIFT_VERSION = 5.0;
				TARGETED_DEVICE_FAMILY = "1,2";
				TEST_HOST = "$(BUILT_PRODUCTS_DIR)/GitHubSampleApp.app/GitHubSampleApp";
			};
			name = Release;
		};
		4E1A433E2901AEC2003D5800 /* Debug */ = {
			isa = XCBuildConfiguration;
			buildSettings = {
				ALWAYS_EMBED_SWIFT_STANDARD_LIBRARIES = YES;
				CODE_SIGN_STYLE = Automatic;
				CURRENT_PROJECT_VERSION = 1;
				DEVELOPMENT_TEAM = J7X3S7L275;
				GENERATE_INFOPLIST_FILE = YES;
				MARKETING_VERSION = 1.0;
				PRODUCT_BUNDLE_IDENTIFIER = com.YouheiShikano.GitHubSampleAppUITests;
				PRODUCT_NAME = "$(TARGET_NAME)";
				SWIFT_EMIT_LOC_STRINGS = NO;
				SWIFT_VERSION = 5.0;
				TARGETED_DEVICE_FAMILY = "1,2";
				TEST_TARGET_NAME = GitHubSampleApp;
			};
			name = Debug;
		};
		4E1A433F2901AEC2003D5800 /* Release */ = {
			isa = XCBuildConfiguration;
			buildSettings = {
				ALWAYS_EMBED_SWIFT_STANDARD_LIBRARIES = YES;
				CODE_SIGN_STYLE = Automatic;
				CURRENT_PROJECT_VERSION = 1;
				DEVELOPMENT_TEAM = J7X3S7L275;
				GENERATE_INFOPLIST_FILE = YES;
				MARKETING_VERSION = 1.0;
				PRODUCT_BUNDLE_IDENTIFIER = com.YouheiShikano.GitHubSampleAppUITests;
				PRODUCT_NAME = "$(TARGET_NAME)";
				SWIFT_EMIT_LOC_STRINGS = NO;
				SWIFT_VERSION = 5.0;
				TARGETED_DEVICE_FAMILY = "1,2";
				TEST_TARGET_NAME = GitHubSampleApp;
			};
			name = Release;
		};
/* End XCBuildConfiguration section */

/* Begin XCConfigurationList section */
		4E1A430E2901AEC0003D5800 /* Build configuration list for PBXProject "GitHubSampleApp" */ = {
			isa = XCConfigurationList;
			buildConfigurations = (
				4E1A43352901AEC2003D5800 /* Debug */,
				4E1A43362901AEC2003D5800 /* Release */,
			);
			defaultConfigurationIsVisible = 0;
			defaultConfigurationName = Release;
		};
		4E1A43372901AEC2003D5800 /* Build configuration list for PBXNativeTarget "GitHubSampleApp" */ = {
			isa = XCConfigurationList;
			buildConfigurations = (
				4E1A43382901AEC2003D5800 /* Debug */,
				4E1A43392901AEC2003D5800 /* Release */,
			);
			defaultConfigurationIsVisible = 0;
			defaultConfigurationName = Release;
		};
		4E1A433A2901AEC2003D5800 /* Build configuration list for PBXNativeTarget "GitHubSampleAppTests" */ = {
			isa = XCConfigurationList;
			buildConfigurations = (
				4E1A433B2901AEC2003D5800 /* Debug */,
				4E1A433C2901AEC2003D5800 /* Release */,
			);
			defaultConfigurationIsVisible = 0;
			defaultConfigurationName = Release;
		};
		4E1A433D2901AEC2003D5800 /* Build configuration list for PBXNativeTarget "GitHubSampleAppUITests" */ = {
			isa = XCConfigurationList;
			buildConfigurations = (
				4E1A433E2901AEC2003D5800 /* Debug */,
				4E1A433F2901AEC2003D5800 /* Release */,
			);
			defaultConfigurationIsVisible = 0;
			defaultConfigurationName = Release;
		};
/* End XCConfigurationList section */

/* Begin XCRemoteSwiftPackageReference section */
		4E1A43472901B1CB003D5800 /* XCRemoteSwiftPackageReference "Alamofire" */ = {
			isa = XCRemoteSwiftPackageReference;
			repositoryURL = "https://github.com/Alamofire/Alamofire.git";
			requirement = {
				branch = master;
				kind = branch;
			};
		};
		4E1A43622903D0D1003D5800 /* XCRemoteSwiftPackageReference "url-image" */ = {
			isa = XCRemoteSwiftPackageReference;
			repositoryURL = "https://github.com/dmytro-anokhin/url-image";
			requirement = {
				branch = main;
				kind = branch;
			};
		};
/* End XCRemoteSwiftPackageReference section */

/* Begin XCSwiftPackageProductDependency section */
		4E1A43482901B1CB003D5800 /* Alamofire */ = {
			isa = XCSwiftPackageProductDependency;
			package = 4E1A43472901B1CB003D5800 /* XCRemoteSwiftPackageReference "Alamofire" */;
			productName = Alamofire;
		};
/* End XCSwiftPackageProductDependency section */
	};
	rootObject = 4E1A430B2901AEC0003D5800 /* Project object */;
}
